// !$*UTF8*$!
{
	archiveVersion = 1;
	classes = {
	};
	objectVersion = 46;
	objects = {

/* Begin PBXBuildFile section */
		4B3209E21477F43600E7E441 /* UIKit.framework in Frameworks */ = {isa = PBXBuildFile; fileRef = 4B3209E11477F43600E7E441 /* UIKit.framework */; };
		4B3209E41477F43600E7E441 /* Foundation.framework in Frameworks */ = {isa = PBXBuildFile; fileRef = 4B3209E31477F43600E7E441 /* Foundation.framework */; };
		4B3209E61477F43600E7E441 /* CoreGraphics.framework in Frameworks */ = {isa = PBXBuildFile; fileRef = 4B3209E51477F43600E7E441 /* CoreGraphics.framework */; };
		4B3209EC1477F43600E7E441 /* InfoPlist.strings in Resources */ = {isa = PBXBuildFile; fileRef = 4B3209EA1477F43600E7E441 /* InfoPlist.strings */; };
		4B3209EE1477F43600E7E441 /* main.m in Sources */ = {isa = PBXBuildFile; fileRef = 4B3209ED1477F43600E7E441 /* main.m */; };
		4B3209F21477F43600E7E441 /* AppDelegate.m in Sources */ = {isa = PBXBuildFile; fileRef = 4B3209F11477F43600E7E441 /* AppDelegate.m */; };
		4B320A011477F69400E7E441 /* MainViewController.m in Sources */ = {isa = PBXBuildFile; fileRef = 4B3209FF1477F69400E7E441 /* MainViewController.m */; };
		4B320A021477F69400E7E441 /* MainViewController.xib in Resources */ = {isa = PBXBuildFile; fileRef = 4B320A001477F69400E7E441 /* MainViewController.xib */; };
		4B320A061477F7CB00E7E441 /* MenuSupportViewController.m in Sources */ = {isa = PBXBuildFile; fileRef = 4B320A041477F7CB00E7E441 /* MenuSupportViewController.m */; };
		4B320A071477F7CB00E7E441 /* MenuSupportViewController.xib in Resources */ = {isa = PBXBuildFile; fileRef = 4B320A051477F7CB00E7E441 /* MenuSupportViewController.xib */; };
		4B320A0B1477F9ED00E7E441 /* ReuseCellWithNibViewController.m in Sources */ = {isa = PBXBuildFile; fileRef = 4B320A091477F9ED00E7E441 /* ReuseCellWithNibViewController.m */; };
		4B320A0C1477F9ED00E7E441 /* ReuseCellWithNibViewController.xib in Resources */ = {isa = PBXBuildFile; fileRef = 4B320A0A1477F9ED00E7E441 /* ReuseCellWithNibViewController.xib */; };
		4B320A101477FA2900E7E441 /* MultiEditViewController.m in Sources */ = {isa = PBXBuildFile; fileRef = 4B320A0E1477FA2900E7E441 /* MultiEditViewController.m */; };
		4B320A111477FA2900E7E441 /* MultiEditViewController.xib in Resources */ = {isa = PBXBuildFile; fileRef = 4B320A0F1477FA2900E7E441 /* MultiEditViewController.xib */; };
		4B320A151477FA5A00E7E441 /* MultipleSelectionViewController.m in Sources */ = {isa = PBXBuildFile; fileRef = 4B320A131477FA5900E7E441 /* MultipleSelectionViewController.m */; };
		4B320A161477FA5A00E7E441 /* MultipleSelectionViewController.xib in Resources */ = {isa = PBXBuildFile; fileRef = 4B320A141477FA5900E7E441 /* MultipleSelectionViewController.xib */; };
		4B320A201478099300E7E441 /* ReusableCustomCell.m in Sources */ = {isa = PBXBuildFile; fileRef = 4B320A1F1478099300E7E441 /* ReusableCustomCell.m */; };
		4B320A2214780A6D00E7E441 /* ReusableCustomCell.xib in Resources */ = {isa = PBXBuildFile; fileRef = 4B320A2114780A6D00E7E441 /* ReusableCustomCell.xib */; };
		93375DDE1736972A001D6F1F /* Default-568h@2x.png in Resources */ = {isa = PBXBuildFile; fileRef = 93375DDD1736972A001D6F1F /* Default-568h@2x.png */; };
		93E3A23F172DA5D3003A768C /* TextInputViewController.xib in Resources */ = {isa = PBXBuildFile; fileRef = 93E3A23E172DA5D3003A768C /* TextInputViewController.xib */; };
		93E3A242172DA64F003A768C /* TextInputViewController.m in Sources */ = {isa = PBXBuildFile; fileRef = 93E3A241172DA64F003A768C /* TextInputViewController.m */; };
/* End PBXBuildFile section */

/* Begin PBXFileReference section */
		4B3209DD1477F43600E7E441 /* ScenariosDemoApp.app */ = {isa = PBXFileReference; explicitFileType = wrapper.application; includeInIndex = 0; path = ScenariosDemoApp.app; sourceTree = BUILT_PRODUCTS_DIR; };
		4B3209E11477F43600E7E441 /* UIKit.framework */ = {isa = PBXFileReference; lastKnownFileType = wrapper.framework; name = UIKit.framework; path = System/Library/Frameworks/UIKit.framework; sourceTree = SDKROOT; };
		4B3209E31477F43600E7E441 /* Foundation.framework */ = {isa = PBXFileReference; lastKnownFileType = wrapper.framework; name = Foundation.framework; path = System/Library/Frameworks/Foundation.framework; sourceTree = SDKROOT; };
		4B3209E51477F43600E7E441 /* CoreGraphics.framework */ = {isa = PBXFileReference; lastKnownFileType = wrapper.framework; name = CoreGraphics.framework; path = System/Library/Frameworks/CoreGraphics.framework; sourceTree = SDKROOT; };
		4B3209E91477F43600E7E441 /* ScenariosDemoApp-Info.plist */ = {isa = PBXFileReference; lastKnownFileType = text.plist.xml; path = "ScenariosDemoApp-Info.plist"; sourceTree = "<group>"; };
		4B3209EB1477F43600E7E441 /* en */ = {isa = PBXFileReference; lastKnownFileType = text.plist.strings; name = en; path = en.lproj/InfoPlist.strings; sourceTree = "<group>"; };
		4B3209ED1477F43600E7E441 /* main.m */ = {isa = PBXFileReference; lastKnownFileType = sourcecode.c.objc; path = main.m; sourceTree = "<group>"; };
		4B3209EF1477F43600E7E441 /* ScenariosDemoApp-Prefix.pch */ = {isa = PBXFileReference; lastKnownFileType = sourcecode.c.h; path = "ScenariosDemoApp-Prefix.pch"; sourceTree = "<group>"; };
		4B3209F01477F43600E7E441 /* AppDelegate.h */ = {isa = PBXFileReference; lastKnownFileType = sourcecode.c.h; path = AppDelegate.h; sourceTree = "<group>"; };
		4B3209F11477F43600E7E441 /* AppDelegate.m */ = {isa = PBXFileReference; lastKnownFileType = sourcecode.c.objc; path = AppDelegate.m; sourceTree = "<group>"; };
		4B3209FE1477F69400E7E441 /* MainViewController.h */ = {isa = PBXFileReference; fileEncoding = 4; lastKnownFileType = sourcecode.c.h; path = MainViewController.h; sourceTree = "<group>"; };
		4B3209FF1477F69400E7E441 /* MainViewController.m */ = {isa = PBXFileReference; fileEncoding = 4; lastKnownFileType = sourcecode.c.objc; path = MainViewController.m; sourceTree = "<group>"; };
		4B320A001477F69400E7E441 /* MainViewController.xib */ = {isa = PBXFileReference; fileEncoding = 4; lastKnownFileType = file.xib; path = MainViewController.xib; sourceTree = "<group>"; };
		4B320A031477F7CB00E7E441 /* MenuSupportViewController.h */ = {isa = PBXFileReference; fileEncoding = 4; lastKnownFileType = sourcecode.c.h; path = MenuSupportViewController.h; sourceTree = "<group>"; };
		4B320A041477F7CB00E7E441 /* MenuSupportViewController.m */ = {isa = PBXFileReference; fileEncoding = 4; lastKnownFileType = sourcecode.c.objc; path = MenuSupportViewController.m; sourceTree = "<group>"; };
		4B320A051477F7CB00E7E441 /* MenuSupportViewController.xib */ = {isa = PBXFileReference; fileEncoding = 4; lastKnownFileType = file.xib; path = MenuSupportViewController.xib; sourceTree = "<group>"; };
		4B320A081477F9ED00E7E441 /* ReuseCellWithNibViewController.h */ = {isa = PBXFileReference; fileEncoding = 4; lastKnownFileType = sourcecode.c.h; path = ReuseCellWithNibViewController.h; sourceTree = "<group>"; };
		4B320A091477F9ED00E7E441 /* ReuseCellWithNibViewController.m */ = {isa = PBXFileReference; fileEncoding = 4; lastKnownFileType = sourcecode.c.objc; path = ReuseCellWithNibViewController.m; sourceTree = "<group>"; };
		4B320A0A1477F9ED00E7E441 /* ReuseCellWithNibViewController.xib */ = {isa = PBXFileReference; fileEncoding = 4; lastKnownFileType = file.xib; path = ReuseCellWithNibViewController.xib; sourceTree = "<group>"; };
		4B320A0D1477FA2900E7E441 /* MultiEditViewController.h */ = {isa = PBXFileReference; fileEncoding = 4; lastKnownFileType = sourcecode.c.h; path = MultiEditViewController.h; sourceTree = "<group>"; };
		4B320A0E1477FA2900E7E441 /* MultiEditViewController.m */ = {isa = PBXFileReference; fileEncoding = 4; lastKnownFileType = sourcecode.c.objc; path = MultiEditViewController.m; sourceTree = "<group>"; };
		4B320A0F1477FA2900E7E441 /* MultiEditViewController.xib */ = {isa = PBXFileReference; fileEncoding = 4; lastKnownFileType = file.xib; path = MultiEditViewController.xib; sourceTree = "<group>"; };
		4B320A121477FA5900E7E441 /* MultipleSelectionViewController.h */ = {isa = PBXFileReference; fileEncoding = 4; lastKnownFileType = sourcecode.c.h; path = MultipleSelectionViewController.h; sourceTree = "<group>"; };
		4B320A131477FA5900E7E441 /* MultipleSelectionViewController.m */ = {isa = PBXFileReference; fileEncoding = 4; lastKnownFileType = sourcecode.c.objc; path = MultipleSelectionViewController.m; sourceTree = "<group>"; };
		4B320A141477FA5900E7E441 /* MultipleSelectionViewController.xib */ = {isa = PBXFileReference; fileEncoding = 4; lastKnownFileType = file.xib; path = MultipleSelectionViewController.xib; sourceTree = "<group>"; };
		4B320A1E1478099300E7E441 /* ReusableCustomCell.h */ = {isa = PBXFileReference; fileEncoding = 4; lastKnownFileType = sourcecode.c.h; path = ReusableCustomCell.h; sourceTree = "<group>"; };
		4B320A1F1478099300E7E441 /* ReusableCustomCell.m */ = {isa = PBXFileReference; fileEncoding = 4; lastKnownFileType = sourcecode.c.objc; path = ReusableCustomCell.m; sourceTree = "<group>"; };
		4B320A2114780A6D00E7E441 /* ReusableCustomCell.xib */ = {isa = PBXFileReference; fileEncoding = 4; lastKnownFileType = file.xib; path = ReusableCustomCell.xib; sourceTree = "<group>"; };
		93375DDD1736972A001D6F1F /* Default-568h@2x.png */ = {isa = PBXFileReference; lastKnownFileType = image.png; path = "Default-568h@2x.png"; sourceTree = "<group>"; };
		93E3A23E172DA5D3003A768C /* TextInputViewController.xib */ = {isa = PBXFileReference; fileEncoding = 4; lastKnownFileType = file.xib; path = TextInputViewController.xib; sourceTree = "<group>"; };
		93E3A240172DA64F003A768C /* TextInputViewController.h */ = {isa = PBXFileReference; fileEncoding = 4; lastKnownFileType = sourcecode.c.h; path = TextInputViewController.h; sourceTree = "<group>"; };
		93E3A241172DA64F003A768C /* TextInputViewController.m */ = {isa = PBXFileReference; fileEncoding = 4; lastKnownFileType = sourcecode.c.objc; path = TextInputViewController.m; sourceTree = "<group>"; };
/* End PBXFileReference section */

/* Begin PBXFrameworksBuildPhase section */
		4B3209DA1477F43600E7E441 /* Frameworks */ = {
			isa = PBXFrameworksBuildPhase;
			buildActionMask = 2147483647;
			files = (
				4B3209E21477F43600E7E441 /* UIKit.framework in Frameworks */,
				4B3209E41477F43600E7E441 /* Foundation.framework in Frameworks */,
				4B3209E61477F43600E7E441 /* CoreGraphics.framework in Frameworks */,
			);
			runOnlyForDeploymentPostprocessing = 0;
		};
/* End PBXFrameworksBuildPhase section */

/* Begin PBXGroup section */
		4B3209D21477F43600E7E441 = {
			isa = PBXGroup;
			children = (
				93375DDD1736972A001D6F1F /* Default-568h@2x.png */,
				4B3209E71477F43600E7E441 /* TableViewIOS5Demo */,
				4B3209E01477F43600E7E441 /* Frameworks */,
				4B3209DE1477F43600E7E441 /* Products */,
			);
			sourceTree = "<group>";
		};
		4B3209DE1477F43600E7E441 /* Products */ = {
			isa = PBXGroup;
			children = (
				4B3209DD1477F43600E7E441 /* ScenariosDemoApp.app */,
			);
			name = Products;
			sourceTree = "<group>";
		};
		4B3209E01477F43600E7E441 /* Frameworks */ = {
			isa = PBXGroup;
			children = (
				4B3209E11477F43600E7E441 /* UIKit.framework */,
				4B3209E31477F43600E7E441 /* Foundation.framework */,
				4B3209E51477F43600E7E441 /* CoreGraphics.framework */,
			);
			name = Frameworks;
			sourceTree = "<group>";
		};
		4B3209E71477F43600E7E441 /* TableViewIOS5Demo */ = {
			isa = PBXGroup;
			children = (
				4B3209F91477F44700E7E441 /* Resources */,
				4B3209F81477F43F00E7E441 /* Classes */,
				4B3209E81477F43600E7E441 /* Supporting Files */,
			);
			path = TableViewIOS5Demo;
			sourceTree = "<group>";
		};
		4B3209E81477F43600E7E441 /* Supporting Files */ = {
			isa = PBXGroup;
			children = (
				4B3209E91477F43600E7E441 /* ScenariosDemoApp-Info.plist */,
				4B3209EA1477F43600E7E441 /* InfoPlist.strings */,
				4B3209ED1477F43600E7E441 /* main.m */,
				4B3209EF1477F43600E7E441 /* ScenariosDemoApp-Prefix.pch */,
			);
			name = "Supporting Files";
			sourceTree = "<group>";
		};
		4B3209F81477F43F00E7E441 /* Classes */ = {
			isa = PBXGroup;
			children = (
				4B3209FD1477F48400E7E441 /* ViewControllers */,
				4B3209FC1477F48000E7E441 /* CustomViews */,
				4B3209F01477F43600E7E441 /* AppDelegate.h */,
				4B3209F11477F43600E7E441 /* AppDelegate.m */,
			);
			name = Classes;
			sourceTree = "<group>";
		};
		4B3209F91477F44700E7E441 /* Resources */ = {
			isa = PBXGroup;
			children = (
				4B3209FB1477F46800E7E441 /* ViewController XIBs */,
				4B3209FA1477F45E00E7E441 /* View XIBs */,
			);
			name = Resources;
			sourceTree = "<group>";
		};
		4B3209FA1477F45E00E7E441 /* View XIBs */ = {
			isa = PBXGroup;
			children = (
				4B320A2114780A6D00E7E441 /* ReusableCustomCell.xib */,
			);
			name = "View XIBs";
			sourceTree = "<group>";
		};
		4B3209FB1477F46800E7E441 /* ViewController XIBs */ = {
			isa = PBXGroup;
			children = (
				4B320A001477F69400E7E441 /* MainViewController.xib */,
				4B320A051477F7CB00E7E441 /* MenuSupportViewController.xib */,
				4B320A0A1477F9ED00E7E441 /* ReuseCellWithNibViewController.xib */,
				4B320A141477FA5900E7E441 /* MultipleSelectionViewController.xib */,
				4B320A0F1477FA2900E7E441 /* MultiEditViewController.xib */,
				93E3A23E172DA5D3003A768C /* TextInputViewController.xib */,
			);
			name = "ViewController XIBs";
			sourceTree = "<group>";
		};
		4B3209FC1477F48000E7E441 /* CustomViews */ = {
			isa = PBXGroup;
			children = (
				4B320A1E1478099300E7E441 /* ReusableCustomCell.h */,
				4B320A1F1478099300E7E441 /* ReusableCustomCell.m */,
			);
			name = CustomViews;
			sourceTree = "<group>";
		};
		4B3209FD1477F48400E7E441 /* ViewControllers */ = {
			isa = PBXGroup;
			children = (
				4B3209FE1477F69400E7E441 /* MainViewController.h */,
				4B3209FF1477F69400E7E441 /* MainViewController.m */,
				4B320A031477F7CB00E7E441 /* MenuSupportViewController.h */,
				4B320A041477F7CB00E7E441 /* MenuSupportViewController.m */,
				4B320A081477F9ED00E7E441 /* ReuseCellWithNibViewController.h */,
				4B320A091477F9ED00E7E441 /* ReuseCellWithNibViewController.m */,
				4B320A121477FA5900E7E441 /* MultipleSelectionViewController.h */,
				4B320A131477FA5900E7E441 /* MultipleSelectionViewController.m */,
				4B320A0D1477FA2900E7E441 /* MultiEditViewController.h */,
				4B320A0E1477FA2900E7E441 /* MultiEditViewController.m */,
				93E3A240172DA64F003A768C /* TextInputViewController.h */,
				93E3A241172DA64F003A768C /* TextInputViewController.m */,
			);
			name = ViewControllers;
			sourceTree = "<group>";
		};
/* End PBXGroup section */

/* Begin PBXNativeTarget section */
		4B3209DC1477F43600E7E441 /* ScenariosDemoApp */ = {
			isa = PBXNativeTarget;
			buildConfigurationList = 4B3209F51477F43600E7E441 /* Build configuration list for PBXNativeTarget "ScenariosDemoApp" */;
			buildPhases = (
				4B3209D91477F43600E7E441 /* Sources */,
				4B3209DA1477F43600E7E441 /* Frameworks */,
				4B3209DB1477F43600E7E441 /* Resources */,
			);
			buildRules = (
			);
			dependencies = (
			);
			name = ScenariosDemoApp;
			productName = TableViewIOS5Demo;
			productReference = 4B3209DD1477F43600E7E441 /* ScenariosDemoApp.app */;
			productType = "com.apple.product-type.application";
		};
/* End PBXNativeTarget section */

/* Begin PBXProject section */
		4B3209D41477F43600E7E441 /* Project object */ = {
			isa = PBXProject;
			attributes = {
				LastUpgradeCheck = 0420;
			};
			buildConfigurationList = 4B3209D71477F43600E7E441 /* Build configuration list for PBXProject "ScenariosDemoApp" */;
			compatibilityVersion = "Xcode 3.2";
			developmentRegion = English;
			hasScannedForEncodings = 0;
			knownRegions = (
				en,
			);
			mainGroup = 4B3209D21477F43600E7E441;
			productRefGroup = 4B3209DE1477F43600E7E441 /* Products */;
			projectDirPath = "";
			projectRoot = "";
			targets = (
				4B3209DC1477F43600E7E441 /* ScenariosDemoApp */,
			);
		};
/* End PBXProject section */

/* Begin PBXResourcesBuildPhase section */
		4B3209DB1477F43600E7E441 /* Resources */ = {
			isa = PBXResourcesBuildPhase;
			buildActionMask = 2147483647;
			files = (
				4B3209EC1477F43600E7E441 /* InfoPlist.strings in Resources */,
				4B320A021477F69400E7E441 /* MainViewController.xib in Resources */,
				4B320A071477F7CB00E7E441 /* MenuSupportViewController.xib in Resources */,
				4B320A0C1477F9ED00E7E441 /* ReuseCellWithNibViewController.xib in Resources */,
				4B320A111477FA2900E7E441 /* MultiEditViewController.xib in Resources */,
				4B320A161477FA5A00E7E441 /* MultipleSelectionViewController.xib in Resources */,
				4B320A2214780A6D00E7E441 /* ReusableCustomCell.xib in Resources */,
				93E3A23F172DA5D3003A768C /* TextInputViewController.xib in Resources */,
				93375DDE1736972A001D6F1F /* Default-568h@2x.png in Resources */,
			);
			runOnlyForDeploymentPostprocessing = 0;
		};
/* End PBXResourcesBuildPhase section */

/* Begin PBXSourcesBuildPhase section */
		4B3209D91477F43600E7E441 /* Sources */ = {
			isa = PBXSourcesBuildPhase;
			buildActionMask = 2147483647;
			files = (
				4B3209EE1477F43600E7E441 /* main.m in Sources */,
				4B3209F21477F43600E7E441 /* AppDelegate.m in Sources */,
				4B320A011477F69400E7E441 /* MainViewController.m in Sources */,
				4B320A061477F7CB00E7E441 /* MenuSupportViewController.m in Sources */,
				4B320A0B1477F9ED00E7E441 /* ReuseCellWithNibViewController.m in Sources */,
				4B320A101477FA2900E7E441 /* MultiEditViewController.m in Sources */,
				4B320A151477FA5A00E7E441 /* MultipleSelectionViewController.m in Sources */,
				4B320A201478099300E7E441 /* ReusableCustomCell.m in Sources */,
				93E3A242172DA64F003A768C /* TextInputViewController.m in Sources */,
			);
			runOnlyForDeploymentPostprocessing = 0;
		};
/* End PBXSourcesBuildPhase section */

/* Begin PBXVariantGroup section */
		4B3209EA1477F43600E7E441 /* InfoPlist.strings */ = {
			isa = PBXVariantGroup;
			children = (
				4B3209EB1477F43600E7E441 /* en */,
			);
			name = InfoPlist.strings;
			sourceTree = "<group>";
		};
/* End PBXVariantGroup section */

/* Begin XCBuildConfiguration section */
		4B3209F31477F43600E7E441 /* Debug */ = {
			isa = XCBuildConfiguration;
			buildSettings = {
				ALWAYS_SEARCH_USER_PATHS = NO;
				ARCHS = "$(ARCHS_STANDARD_32_BIT)";
				CLANG_ENABLE_OBJC_ARC = YES;
				"CODE_SIGN_IDENTITY[sdk=iphoneos*]" = "iPhone Developer";
				COPY_PHASE_STRIP = NO;
				GCC_C_LANGUAGE_STANDARD = gnu99;
				GCC_DYNAMIC_NO_PIC = NO;
				GCC_OPTIMIZATION_LEVEL = 0;
				GCC_PREPROCESSOR_DEFINITIONS = (
					"DEBUG=1",
					"$(inherited)",
				);
				GCC_SYMBOLS_PRIVATE_EXTERN = NO;
				GCC_VERSION = com.apple.compilers.llvm.clang.1_0;
				GCC_WARN_ABOUT_MISSING_PROTOTYPES = YES;
				GCC_WARN_ABOUT_RETURN_TYPE = YES;
				GCC_WARN_UNUSED_VARIABLE = YES;
				IPHONEOS_DEPLOYMENT_TARGET = 5.0;
				SDKROOT = iphoneos;
			};
			name = Debug;
		};
		4B3209F41477F43600E7E441 /* Release */ = {
			isa = XCBuildConfiguration;
			buildSettings = {
				ALWAYS_SEARCH_USER_PATHS = NO;
				ARCHS = "$(ARCHS_STANDARD_32_BIT)";
				CLANG_ENABLE_OBJC_ARC = YES;
				"CODE_SIGN_IDENTITY[sdk=iphoneos*]" = "iPhone Developer";
				COPY_PHASE_STRIP = YES;
				GCC_C_LANGUAGE_STANDARD = gnu99;
				GCC_VERSION = com.apple.compilers.llvm.clang.1_0;
				GCC_WARN_ABOUT_MISSING_PROTOTYPES = YES;
				GCC_WARN_ABOUT_RETURN_TYPE = YES;
				GCC_WARN_UNUSED_VARIABLE = YES;
				IPHONEOS_DEPLOYMENT_TARGET = 5.0;
				OTHER_CFLAGS = "-DNS_BLOCK_ASSERTIONS=1";
				SDKROOT = iphoneos;
				VALIDATE_PRODUCT = YES;
			};
			name = Release;
		};
		4B3209F61477F43600E7E441 /* Debug */ = {
			isa = XCBuildConfiguration;
			buildSettings = {
				GCC_PRECOMPILE_PREFIX_HEADER = YES;
				GCC_PREFIX_HEADER = "TableViewIOS5Demo/ScenariosDemoApp-Prefix.pch";
				INFOPLIST_FILE = "TableViewIOS5Demo/ScenariosDemoApp-Info.plist";
				IPHONEOS_DEPLOYMENT_TARGET = 6.1;
				PRODUCT_NAME = ScenariosDemoApp;
				WRAPPER_EXTENSION = app;
			};
			name = Debug;
		};
		4B3209F71477F43600E7E441 /* Release */ = {
			isa = XCBuildConfiguration;
			buildSettings = {
				GCC_PRECOMPILE_PREFIX_HEADER = YES;
				GCC_PREFIX_HEADER = "TableViewIOS5Demo/ScenariosDemoApp-Prefix.pch";
				INFOPLIST_FILE = "TableViewIOS5Demo/ScenariosDemoApp-Info.plist";
				IPHONEOS_DEPLOYMENT_TARGET = 6.1;
				PRODUCT_NAME = ScenariosDemoApp;
				WRAPPER_EXTENSION = app;
			};
			name = Release;
		};
/* End XCBuildConfiguration section */

/* Begin XCConfigurationList section */
		4B3209D71477F43600E7E441 /* Build configuration list for PBXProject "ScenariosDemoApp" */ = {
			isa = XCConfigurationList;
			buildConfigurations = (
				4B3209F31477F43600E7E441 /* Debug */,
				4B3209F41477F43600E7E441 /* Release */,
			);
			defaultConfigurationIsVisible = 0;
			defaultConfigurationName = Release;
		};
		4B3209F51477F43600E7E441 /* Build configuration list for PBXNativeTarget "ScenariosDemoApp" */ = {
			isa = XCConfigurationList;
			buildConfigurations = (
				4B3209F61477F43600E7E441 /* Debug */,
				4B3209F71477F43600E7E441 /* Release */,
			);
			defaultConfigurationIsVisible = 0;
			defaultConfigurationName = Release;
		};
/* End XCConfigurationList section */
	};
	rootObject = 4B3209D41477F43600E7E441 /* Project object */;
}
